// !$*UTF8*$!
{
	archiveVersion = 1;
	classes = {
	};
	objectVersion = 56;
	objects = {

/* Begin PBXBuildFile section */
		1DD6859E291408AB00807ED7 /* main.cpp in Sources */ = {isa = PBXBuildFile; fileRef = 1DD6859D291408AB00807ED7 /* main.cpp */; };
		1DD685AF2914091400807ED7 /* makefile in Sources */ = {isa = PBXBuildFile; fileRef = 1DD685A82914091300807ED7 /* makefile */; };
		1DD685B02914091400807ED7 /* objetos_B2.cc in Sources */ = {isa = PBXBuildFile; fileRef = 1DD685AB2914091300807ED7 /* objetos_B2.cc */; };
		1DD685B12914091400807ED7 /* practica_objetos_B2.cc in Sources */ = {isa = PBXBuildFile; fileRef = 1DD685AC2914091300807ED7 /* practica_objetos_B2.cc */; };
		1DD685B22914091400807ED7 /* file_ply_stl.cc in Sources */ = {isa = PBXBuildFile; fileRef = 1DD685AD2914091400807ED7 /* file_ply_stl.cc */; };
/* End PBXBuildFile section */

/* Begin PBXCopyFilesBuildPhase section */
		1DD68598291408AB00807ED7 /* CopyFiles */ = {
			isa = PBXCopyFilesBuildPhase;
			buildActionMask = 2147483647;
			dstPath = /usr/share/man/man1/;
			dstSubfolderSpec = 0;
			files = (
			);
			runOnlyForDeploymentPostprocessing = 1;
		};
/* End PBXCopyFilesBuildPhase section */

/* Begin PBXFileReference section */
		1DD6859A291408AB00807ED7 /* practica_4_texturas */ = {isa = PBXFileReference; explicitFileType = "compiled.mach-o.executable"; includeInIndex = 0; path = practica_4_texturas; sourceTree = BUILT_PRODUCTS_DIR; };
		1DD6859D291408AB00807ED7 /* main.cpp */ = {isa = PBXFileReference; lastKnownFileType = sourcecode.cpp.cpp; path = main.cpp; sourceTree = "<group>"; };
		1DD685A42914091300807ED7 /* beethoven.ply */ = {isa = PBXFileReference; fileEncoding = 4; lastKnownFileType = text; path = beethoven.ply; sourceTree = "<group>"; };
		1DD685A62914091300807ED7 /* file_ply_stl.hpp */ = {isa = PBXFileReference; fileEncoding = 4; lastKnownFileType = sourcecode.cpp.h; path = file_ply_stl.hpp; sourceTree = "<group>"; };
		1DD685A72914091300807ED7 /* vertex.h */ = {isa = PBXFileReference; fileEncoding = 4; lastKnownFileType = sourcecode.c.h; path = vertex.h; sourceTree = "<group>"; };
		1DD685A82914091300807ED7 /* makefile */ = {isa = PBXFileReference; fileEncoding = 4; lastKnownFileType = sourcecode.make; path = makefile; sourceTree = "<group>"; };
		1DD685A92914091300807ED7 /* objetos_B2.h */ = {isa = PBXFileReference; fileEncoding = 4; lastKnownFileType = sourcecode.c.h; path = objetos_B2.h; sourceTree = "<group>"; };
		1DD685AA2914091300807ED7 /* sombrero.ply */ = {isa = PBXFileReference; fileEncoding = 4; lastKnownFileType = text; path = sombrero.ply; sourceTree = "<group>"; };
		1DD685AB2914091300807ED7 /* objetos_B2.cc */ = {isa = PBXFileReference; fileEncoding = 4; lastKnownFileType = sourcecode.cpp.cpp; path = objetos_B2.cc; sourceTree = "<group>"; };
		1DD685AC2914091300807ED7 /* practica_objetos_B2.cc */ = {isa = PBXFileReference; fileEncoding = 4; lastKnownFileType = sourcecode.cpp.cpp; path = practica_objetos_B2.cc; sourceTree = "<group>"; };
		1DD685AD2914091400807ED7 /* file_ply_stl.cc */ = {isa = PBXFileReference; fileEncoding = 4; lastKnownFileType = sourcecode.cpp.cpp; path = file_ply_stl.cc; sourceTree = "<group>"; };
/* End PBXFileReference section */

/* Begin PBXFrameworksBuildPhase section */
		1DD68597291408AB00807ED7 /* Frameworks */ = {
			isa = PBXFrameworksBuildPhase;
			buildActionMask = 2147483647;
			files = (
			);
			runOnlyForDeploymentPostprocessing = 0;
		};
/* End PBXFrameworksBuildPhase section */

/* Begin PBXGroup section */
		1DD68591291408AB00807ED7 = {
			isa = PBXGroup;
			children = (
				1DD6859C291408AB00807ED7 /* practica_4_texturas */,
				1DD6859B291408AB00807ED7 /* Products */,
			);
			sourceTree = "<group>";
		};
		1DD6859B291408AB00807ED7 /* Products */ = {
			isa = PBXGroup;
			children = (
				1DD6859A291408AB00807ED7 /* practica_4_texturas */,
			);
			name = Products;
			sourceTree = "<group>";
		};
		1DD6859C291408AB00807ED7 /* practica_4_texturas */ = {
			isa = PBXGroup;
			children = (
				1DD685A42914091300807ED7 /* beethoven.ply */,
				1DD685AD2914091400807ED7 /* file_ply_stl.cc */,
				1DD685A62914091300807ED7 /* file_ply_stl.hpp */,
				1DD685A82914091300807ED7 /* makefile */,
				1DD685AB2914091300807ED7 /* objetos_B2.cc */,
				1DD685A92914091300807ED7 /* objetos_B2.h */,
				1DD685AC2914091300807ED7 /* practica_objetos_B2.cc */,
				1DD685AA2914091300807ED7 /* sombrero.ply */,
				1DD685A72914091300807ED7 /* vertex.h */,
				1DD6859D291408AB00807ED7 /* main.cpp */,
			);
			path = practica_4_texturas;
			sourceTree = "<group>";
		};
/* End PBXGroup section */

/* Begin PBXNativeTarget section */
		1DD68599291408AB00807ED7 /* practica_4_texturas */ = {
			isa = PBXNativeTarget;
			buildConfigurationList = 1DD685A1291408AB00807ED7 /* Build configuration list for PBXNativeTarget "practica_4_texturas" */;
			buildPhases = (
				1DD68596291408AB00807ED7 /* Sources */,
				1DD68597291408AB00807ED7 /* Frameworks */,
				1DD68598291408AB00807ED7 /* CopyFiles */,
			);
			buildRules = (
			);
			dependencies = (
			);
			name = practica_4_texturas;
			productName = practica_4_texturas;
			productReference = 1DD6859A291408AB00807ED7 /* practica_4_texturas */;
			productType = "com.apple.product-type.tool";
		};
/* End PBXNativeTarget section */

/* Begin PBXProject section */
		1DD68592291408AB00807ED7 /* Project object */ = {
			isa = PBXProject;
			attributes = {
				BuildIndependentTargetsInParallel = 1;
				LastUpgradeCheck = 1400;
				TargetAttributes = {
					1DD68599291408AB00807ED7 = {
						CreatedOnToolsVersion = 14.0.1;
					};
				};
			};
			buildConfigurationList = 1DD68595291408AB00807ED7 /* Build configuration list for PBXProject "practica_4_texturas" */;
			compatibilityVersion = "Xcode 14.0";
			developmentRegion = en;
			hasScannedForEncodings = 0;
			knownRegions = (
				en,
				Base,
			);
			mainGroup = 1DD68591291408AB00807ED7;
			productRefGroup = 1DD6859B291408AB00807ED7 /* Products */;
			projectDirPath = "";
			projectRoot = "";
			targets = (
				1DD68599291408AB00807ED7 /* practica_4_texturas */,
			);
		};
/* End PBXProject section */

/* Begin PBXSourcesBuildPhase section */
		1DD68596291408AB00807ED7 /* Sources */ = {
			isa = PBXSourcesBuildPhase;
			buildActionMask = 2147483647;
			files = (
				1DD685B12914091400807ED7 /* practica_objetos_B2.cc in Sources */,
				1DD6859E291408AB00807ED7 /* main.cpp in Sources */,
				1DD685B22914091400807ED7 /* file_ply_stl.cc in Sources */,
				1DD685B02914091400807ED7 /* objetos_B2.cc in Sources */,
				1DD685AF2914091400807ED7 /* makefile in Sources */,
			);
			runOnlyForDeploymentPostprocessing = 0;
		};
/* End PBXSourcesBuildPhase section */

/* Begin XCBuildConfiguration section */
		1DD6859F291408AB00807ED7 /* Debug */ = {
			isa = XCBuildConfiguration;
			buildSettings = {
				ALWAYS_SEARCH_USER_PATHS = NO;
				CLANG_ANALYZER_NONNULL = YES;
				CLANG_ANALYZER_NUMBER_OBJECT_CONVERSION = YES_AGGRESSIVE;
				CLANG_CXX_LANGUAGE_STANDARD = "gnu++20";
				CLANG_ENABLE_MODULES = YES;
				CLANG_ENABLE_OBJC_ARC = YES;
				CLANG_ENABLE_OBJC_WEAK = YES;
				CLANG_WARN_BLOCK_CAPTURE_AUTORELEASING = YES;
				CLANG_WARN_BOOL_CONVERSION = YES;
				CLANG_WARN_COMMA = YES;
				CLANG_WARN_CONSTANT_CONVERSION = YES;
				CLANG_WARN_DEPRECATED_OBJC_IMPLEMENTATIONS = YES;
				CLANG_WARN_DIRECT_OBJC_ISA_USAGE = YES_ERROR;
				CLANG_WARN_DOCUMENTATION_COMMENTS = YES;
				CLANG_WARN_EMPTY_BODY = YES;
				CLANG_WARN_ENUM_CONVERSION = YES;
				CLANG_WARN_INFINITE_RECURSION = YES;
				CLANG_WARN_INT_CONVERSION = YES;
				CLANG_WARN_NON_LITERAL_NULL_CONVERSION = YES;
				CLANG_WARN_OBJC_IMPLICIT_RETAIN_SELF = YES;
				CLANG_WARN_OBJC_LITERAL_CONVERSION = YES;
				CLANG_WARN_OBJC_ROOT_CLASS = YES_ERROR;
				CLANG_WARN_QUOTED_INCLUDE_IN_FRAMEWORK_HEADER = YES;
				CLANG_WARN_RANGE_LOOP_ANALYSIS = YES;
				CLANG_WARN_STRICT_PROTOTYPES = YES;
				CLANG_WARN_SUSPICIOUS_MOVE = YES;
				CLANG_WARN_UNGUARDED_AVAILABILITY = YES_AGGRESSIVE;
				CLANG_WARN_UNREACHABLE_CODE = YES;
				CLANG_WARN__DUPLICATE_METHOD_MATCH = YES;
				COPY_PHASE_STRIP = NO;
				DEBUG_INFORMATION_FORMAT = dwarf;
				ENABLE_STRICT_OBJC_MSGSEND = YES;
				ENABLE_TESTABILITY = YES;
				GCC_C_LANGUAGE_STANDARD = gnu11;
				GCC_DYNAMIC_NO_PIC = NO;
				GCC_NO_COMMON_BLOCKS = YES;
				GCC_OPTIMIZATION_LEVEL = 0;
				GCC_PREPROCESSOR_DEFINITIONS = (
					"DEBUG=1",
					"$(inherited)",
				);
				GCC_WARN_64_TO_32_BIT_CONVERSION = YES;
				GCC_WARN_ABOUT_RETURN_TYPE = YES_ERROR;
				GCC_WARN_UNDECLARED_SELECTOR = YES;
				GCC_WARN_UNINITIALIZED_AUTOS = YES_AGGRESSIVE;
				GCC_WARN_UNUSED_FUNCTION = YES;
				GCC_WARN_UNUSED_VARIABLE = YES;
				MACOSX_DEPLOYMENT_TARGET = 12.3;
				MTL_ENABLE_DEBUG_INFO = INCLUDE_SOURCE;
				MTL_FAST_MATH = YES;
				ONLY_ACTIVE_ARCH = YES;
				SDKROOT = macosx;
			};
			name = Debug;
		};
		1DD685A0291408AB00807ED7 /* Release */ = {
			isa = XCBuildConfiguration;
			buildSettings = {
				ALWAYS_SEARCH_USER_PATHS = NO;
				CLANG_ANALYZER_NONNULL = YES;
				CLANG_ANALYZER_NUMBER_OBJECT_CONVERSION = YES_AGGRESSIVE;
				CLANG_CXX_LANGUAGE_STANDARD = "gnu++20";
				CLANG_ENABLE_MODULES = YES;
				CLANG_ENABLE_OBJC_ARC = YES;
				CLANG_ENABLE_OBJC_WEAK = YES;
				CLANG_WARN_BLOCK_CAPTURE_AUTORELEASING = YES;
				CLANG_WARN_BOOL_CONVERSION = YES;
				CLANG_WARN_COMMA = YES;
				CLANG_WARN_CONSTANT_CONVERSION = YES;
				CLANG_WARN_DEPRECATED_OBJC_IMPLEMENTATIONS = YES;
				CLANG_WARN_DIRECT_OBJC_ISA_USAGE = YES_ERROR;
				CLANG_WARN_DOCUMENTATION_COMMENTS = YES;
				CLANG_WARN_EMPTY_BODY = YES;
				CLANG_WARN_ENUM_CONVERSION = YES;
				CLANG_WARN_INFINITE_RECURSION = YES;
				CLANG_WARN_INT_CONVERSION = YES;
				CLANG_WARN_NON_LITERAL_NULL_CONVERSION = YES;
				CLANG_WARN_OBJC_IMPLICIT_RETAIN_SELF = YES;
				CLANG_WARN_OBJC_LITERAL_CONVERSION = YES;
				CLANG_WARN_OBJC_ROOT_CLASS = YES_ERROR;
				CLANG_WARN_QUOTED_INCLUDE_IN_FRAMEWORK_HEADER = YES;
				CLANG_WARN_RANGE_LOOP_ANALYSIS = YES;
				CLANG_WARN_STRICT_PROTOTYPES = YES;
				CLANG_WARN_SUSPICIOUS_MOVE = YES;
				CLANG_WARN_UNGUARDED_AVAILABILITY = YES_AGGRESSIVE;
				CLANG_WARN_UNREACHABLE_CODE = YES;
				CLANG_WARN__DUPLICATE_METHOD_MATCH = YES;
				COPY_PHASE_STRIP = NO;
				DEBUG_INFORMATION_FORMAT = "dwarf-with-dsym";
				ENABLE_NS_ASSERTIONS = NO;
				ENABLE_STRICT_OBJC_MSGSEND = YES;
				GCC_C_LANGUAGE_STANDARD = gnu11;
				GCC_NO_COMMON_BLOCKS = YES;
				GCC_WARN_64_TO_32_BIT_CONVERSION = YES;
				GCC_WARN_ABOUT_RETURN_TYPE = YES_ERROR;
				GCC_WARN_UNDECLARED_SELECTOR = YES;
				GCC_WARN_UNINITIALIZED_AUTOS = YES_AGGRESSIVE;
				GCC_WARN_UNUSED_FUNCTION = YES;
				GCC_WARN_UNUSED_VARIABLE = YES;
				MACOSX_DEPLOYMENT_TARGET = 12.3;
				MTL_ENABLE_DEBUG_INFO = NO;
				MTL_FAST_MATH = YES;
				SDKROOT = macosx;
			};
			name = Release;
		};
		1DD685A2291408AB00807ED7 /* Debug */ = {
			isa = XCBuildConfiguration;
			buildSettings = {
				CODE_SIGN_STYLE = Automatic;
				PRODUCT_NAME = "$(TARGET_NAME)";
			};
			name = Debug;
		};
		1DD685A3291408AB00807ED7 /* Release */ = {
			isa = XCBuildConfiguration;
			buildSettings = {
				CODE_SIGN_STYLE = Automatic;
				PRODUCT_NAME = "$(TARGET_NAME)";
			};
			name = Release;
		};
/* End XCBuildConfiguration section */

/* Begin XCConfigurationList section */
		1DD68595291408AB00807ED7 /* Build configuration list for PBXProject "practica_4_texturas" */ = {
			isa = XCConfigurationList;
			buildConfigurations = (
				1DD6859F291408AB00807ED7 /* Debug */,
				1DD685A0291408AB00807ED7 /* Release */,
			);
			defaultConfigurationIsVisible = 0;
			defaultConfigurationName = Release;
		};
		1DD685A1291408AB00807ED7 /* Build configuration list for PBXNativeTarget "practica_4_texturas" */ = {
			isa = XCConfigurationList;
			buildConfigurations = (
				1DD685A2291408AB00807ED7 /* Debug */,
				1DD685A3291408AB00807ED7 /* Release */,
			);
			defaultConfigurationIsVisible = 0;
			defaultConfigurationName = Release;
		};
/* End XCConfigurationList section */
	};
	rootObject = 1DD68592291408AB00807ED7 /* Project object */;
}
